-- Statement lock: elaborated types (and definition value hashes) of
-- every hand-written declaration under `Template`, printed by
-- `lake exe templateTest --update-lock`. Proof bodies of theorems are
-- deliberately not frozen. A diff in this file is a deliberate
-- statement-level change, never a routine one.

#### Template.docBlameThmEnabled : def
  Batteries.Tactic.Lint.Linter
  value-hash 61d1b116eb14b88a

#### Template.double : def
  ℕ → ℕ
  value-hash 5a62e0e4c2d39073

#### Template.double_eq_two_mul : theorem
  ∀ (n : ℕ), Template.double n = 2 * n

#### Template.double_self : theorem
  ∀ (n : ℕ), Template.double n = n + n

#### Template.explicitVarsOfIffEnabled : def
  Batteries.Tactic.Lint.Linter
  value-hash 3deaf6c01b1ffda0

#### Template.hello_world : theorem
  Template.double 1 = 2

#### Template.silencingMarkers : def
  Batteries.Tactic.Lint.Linter
  value-hash 5ab4be96d2e0af67

#### Template.templateOmittedTokens : def
  List String
  value-hash 8487644d3f624bf
